
Microsoft Visual Studio Solution File, Format Version 12.00
# Visual Studio Version 17
VisualStudioVersion = 17.7.34031.279
MinimumVisualStudioVersion = 10.0.40219.1
Project("{FAE04EC0-301F-11D3-BF4B-00C04F79EFBC}") = "es compito", "es compito\es compito.csproj", "{B89298A6-55D7-4DC2-BB23-8C6F74C3A992}"
EndProject
Global
	GlobalSection(SolutionConfigurationPlatforms) = preSolution
		Debug|Any CPU = Debug|Any CPU
		Release|Any CPU = Release|Any CPU
	EndGlobalSection
	GlobalSection(ProjectConfigurationPlatforms) = postSolution
		{B89298A6-55D7-4DC2-BB23-8C6F74C3A992}.Debug|Any CPU.ActiveCfg = Debug|Any CPU
		{B89298A6-55D7-4DC2-BB23-8C6F74C3A992}.Debug|Any CPU.Build.0 = Debug|Any CPU
		{B89298A6-55D7-4DC2-BB23-8C6F74C3A992}.Release|Any CPU.ActiveCfg = Release|Any CPU
		{B89298A6-55D7-4DC2-BB23-8C6F74C3A992}.Release|Any CPU.Build.0 = Release|Any CPU
	EndGlobalSection
	GlobalSection(SolutionProperties) = preSolution
		HideSolutionNode = FALSE
	EndGlobalSection
	GlobalSection(ExtensibilityGlobals) = postSolution
		SolutionGuid = {E96EB61D-52BD-4DD9-9DF5-C3E1B4327631}
	EndGlobalSection
EndGlobal
